# This file is automatically @generated by Cargo.
# It is not intended for manual editing.
version = 4

[[package]]
name = "deunicode"
version = "1.6.1"
source = "registry+https://github.com/rust-lang/crates.io-index"
checksum = "dc55fe0d1f6c107595572ec8b107c0999bb1a2e0b75e37429a4fb0d6474a0e7d"

[[package]]
name = "lexicmp"
version = "0.1.0"
dependencies = [
 "deunicode",
]
